
Microsoft Visual Studio Solution File, Format Version 12.00
# Visual Studio Version 17
VisualStudioVersion = 17.9.34714.143
MinimumVisualStudioVersion = 10.0.40219.1
Project("{2150E333-8FDC-42A3-9474-1A3956D46DE8}") = "Services", "Services", "{A0F7AA8F-D66D-4110-9FD2-041DF9232665}"
EndProject
Project("{2150E333-8FDC-42A3-9474-1A3956D46DE8}") = "Catalog", "Catalog", "{80F4A5EA-7FCD-44DE-883C-BC73CD340EB4}"
EndProject
Project("{9A19103F-16F7-4668-BE54-9A1E7A4F7556}") = "MultiShop.Catalog", "Services\Catalog\MultiShop.Catalog\MultiShop.Catalog.csproj", "{7AB9A899-3118-4298-ACD7-EB6823993B6B}"
EndProject
Project("{2150E333-8FDC-42A3-9474-1A3956D46DE8}") = "Discount", "Discount", "{B95ED4FD-ED75-46BF-8E08-D099506223EC}"
EndProject
Project("{9A19103F-16F7-4668-BE54-9A1E7A4F7556}") = "MultiShop.Discount", "Services\Discount\MultiShop.Discount\MultiShop.Discount.csproj", "{B7D5D461-10DE-45E3-AF85-C03492573622}"
EndProject
Project("{2150E333-8FDC-42A3-9474-1A3956D46DE8}") = "Order", "Order", "{527B0794-4C6A-4454-BF33-A05F816ADD01}"
EndProject
Project("{2150E333-8FDC-42A3-9474-1A3956D46DE8}") = "Core", "Core", "{E108F4D8-110C-4C58-A1B1-5B2F721C752C}"
EndProject
Project("{2150E333-8FDC-42A3-9474-1A3956D46DE8}") = "Infrastructure", "Infrastructure", "{24A1360A-4D51-4309-ACC2-87610E22D861}"
EndProject
Project("{2150E333-8FDC-42A3-9474-1A3956D46DE8}") = "Presentation", "Presentation", "{855DEDA9-FB30-4C3E-8A8E-5389BD2FEDE4}"
EndProject
Project("{FAE04EC0-301F-11D3-BF4B-00C04F79EFBC}") = "MultiShop.Order.Domain", "Service\Order\Core\MultiShop.Order.Domain\MultiShop.Order.Domain.csproj", "{2D67DBC4-CA61-43AD-9583-23E5D8C999E9}"
EndProject
Project("{FAE04EC0-301F-11D3-BF4B-00C04F79EFBC}") = "MultiShop.Order.Application", "Service\Order\Core\MultiShop.Order.Application\MultiShop.Order.Application.csproj", "{5C37FC16-B951-448A-A276-7E3628451A8C}"
EndProject
Project("{FAE04EC0-301F-11D3-BF4B-00C04F79EFBC}") = "MultiShop.Order.Persistence", "Service\Order\Infrastructure\MultiShop.Order.Persistence\MultiShop.Order.Persistence.csproj", "{F40EB743-83CD-4129-BC33-AB38B468C886}"
EndProject
Project("{FAE04EC0-301F-11D3-BF4B-00C04F79EFBC}") = "MultiShop.Order.WebApi", "Services\Order\Presentation\MultiShop.Order.WebApi\MultiShop.Order.WebApi.csproj", "{ADC7BAF5-CF04-4994-9392-5223B4944653}"
EndProject
Global
	GlobalSection(SolutionConfigurationPlatforms) = preSolution
		Debug|Any CPU = Debug|Any CPU
		Release|Any CPU = Release|Any CPU
	EndGlobalSection
	GlobalSection(ProjectConfigurationPlatforms) = postSolution
		{7AB9A899-3118-4298-ACD7-EB6823993B6B}.Debug|Any CPU.ActiveCfg = Debug|Any CPU
		{7AB9A899-3118-4298-ACD7-EB6823993B6B}.Debug|Any CPU.Build.0 = Debug|Any CPU
		{7AB9A899-3118-4298-ACD7-EB6823993B6B}.Release|Any CPU.ActiveCfg = Release|Any CPU
		{7AB9A899-3118-4298-ACD7-EB6823993B6B}.Release|Any CPU.Build.0 = Release|Any CPU
		{B7D5D461-10DE-45E3-AF85-C03492573622}.Debug|Any CPU.ActiveCfg = Debug|Any CPU
		{B7D5D461-10DE-45E3-AF85-C03492573622}.Debug|Any CPU.Build.0 = Debug|Any CPU
		{B7D5D461-10DE-45E3-AF85-C03492573622}.Release|Any CPU.ActiveCfg = Release|Any CPU
		{B7D5D461-10DE-45E3-AF85-C03492573622}.Release|Any CPU.Build.0 = Release|Any CPU
		{2D67DBC4-CA61-43AD-9583-23E5D8C999E9}.Debug|Any CPU.ActiveCfg = Debug|Any CPU
		{2D67DBC4-CA61-43AD-9583-23E5D8C999E9}.Debug|Any CPU.Build.0 = Debug|Any CPU
		{2D67DBC4-CA61-43AD-9583-23E5D8C999E9}.Release|Any CPU.ActiveCfg = Release|Any CPU
		{2D67DBC4-CA61-43AD-9583-23E5D8C999E9}.Release|Any CPU.Build.0 = Release|Any CPU
		{5C37FC16-B951-448A-A276-7E3628451A8C}.Debug|Any CPU.ActiveCfg = Debug|Any CPU
		{5C37FC16-B951-448A-A276-7E3628451A8C}.Debug|Any CPU.Build.0 = Debug|Any CPU
		{5C37FC16-B951-448A-A276-7E3628451A8C}.Release|Any CPU.ActiveCfg = Release|Any CPU
		{5C37FC16-B951-448A-A276-7E3628451A8C}.Release|Any CPU.Build.0 = Release|Any CPU
		{F40EB743-83CD-4129-BC33-AB38B468C886}.Debug|Any CPU.ActiveCfg = Debug|Any CPU
		{F40EB743-83CD-4129-BC33-AB38B468C886}.Debug|Any CPU.Build.0 = Debug|Any CPU
		{F40EB743-83CD-4129-BC33-AB38B468C886}.Release|Any CPU.ActiveCfg = Release|Any CPU
		{F40EB743-83CD-4129-BC33-AB38B468C886}.Release|Any CPU.Build.0 = Release|Any CPU
		{ADC7BAF5-CF04-4994-9392-5223B4944653}.Debug|Any CPU.ActiveCfg = Debug|Any CPU
		{ADC7BAF5-CF04-4994-9392-5223B4944653}.Debug|Any CPU.Build.0 = Debug|Any CPU
		{ADC7BAF5-CF04-4994-9392-5223B4944653}.Release|Any CPU.ActiveCfg = Release|Any CPU
		{ADC7BAF5-CF04-4994-9392-5223B4944653}.Release|Any CPU.Build.0 = Release|Any CPU
	EndGlobalSection
	GlobalSection(SolutionProperties) = preSolution
		HideSolutionNode = FALSE
	EndGlobalSection
	GlobalSection(NestedProjects) = preSolution
		{80F4A5EA-7FCD-44DE-883C-BC73CD340EB4} = {A0F7AA8F-D66D-4110-9FD2-041DF9232665}
		{7AB9A899-3118-4298-ACD7-EB6823993B6B} = {80F4A5EA-7FCD-44DE-883C-BC73CD340EB4}
		{B95ED4FD-ED75-46BF-8E08-D099506223EC} = {A0F7AA8F-D66D-4110-9FD2-041DF9232665}
		{B7D5D461-10DE-45E3-AF85-C03492573622} = {B95ED4FD-ED75-46BF-8E08-D099506223EC}
		{527B0794-4C6A-4454-BF33-A05F816ADD01} = {A0F7AA8F-D66D-4110-9FD2-041DF9232665}
		{E108F4D8-110C-4C58-A1B1-5B2F721C752C} = {527B0794-4C6A-4454-BF33-A05F816ADD01}
		{24A1360A-4D51-4309-ACC2-87610E22D861} = {527B0794-4C6A-4454-BF33-A05F816ADD01}
		{855DEDA9-FB30-4C3E-8A8E-5389BD2FEDE4} = {527B0794-4C6A-4454-BF33-A05F816ADD01}
		{2D67DBC4-CA61-43AD-9583-23E5D8C999E9} = {E108F4D8-110C-4C58-A1B1-5B2F721C752C}
		{5C37FC16-B951-448A-A276-7E3628451A8C} = {E108F4D8-110C-4C58-A1B1-5B2F721C752C}
		{F40EB743-83CD-4129-BC33-AB38B468C886} = {24A1360A-4D51-4309-ACC2-87610E22D861}
		{ADC7BAF5-CF04-4994-9392-5223B4944653} = {855DEDA9-FB30-4C3E-8A8E-5389BD2FEDE4}
	EndGlobalSection
	GlobalSection(ExtensibilityGlobals) = postSolution
		SolutionGuid = {FBD01C87-9784-45E4-990A-39C1CA0F3B13}
	EndGlobalSection
EndGlobal
