
Microsoft Visual Studio Solution File, Format Version 12.00
# Visual Studio Version 17
VisualStudioVersion = 17.9.34714.143
MinimumVisualStudioVersion = 10.0.40219.1
Project("{2150E333-8FDC-42A3-9474-1A3956D46DE8}") = "Services", "Services", "{A0F7AA8F-D66D-4110-9FD2-041DF9232665}"
EndProject
Project("{2150E333-8FDC-42A3-9474-1A3956D46DE8}") = "Catalog", "Catalog", "{80F4A5EA-7FCD-44DE-883C-BC73CD340EB4}"
EndProject
Project("{9A19103F-16F7-4668-BE54-9A1E7A4F7556}") = "MultiShop.Catalog", "Services\Catalog\MultiShop.Catalog\MultiShop.Catalog.csproj", "{7AB9A899-3118-4298-ACD7-EB6823993B6B}"
EndProject
Project("{2150E333-8FDC-42A3-9474-1A3956D46DE8}") = "Discount", "Discount", "{B95ED4FD-ED75-46BF-8E08-D099506223EC}"
EndProject
Project("{9A19103F-16F7-4668-BE54-9A1E7A4F7556}") = "MultiShop.Discount", "Services\Discount\MultiShop.Discount\MultiShop.Discount.csproj", "{B7D5D461-10DE-45E3-AF85-C03492573622}"
EndProject
Project("{2150E333-8FDC-42A3-9474-1A3956D46DE8}") = "Order", "Order", "{527B0794-4C6A-4454-BF33-A05F816ADD01}"
EndProject
Project("{2150E333-8FDC-42A3-9474-1A3956D46DE8}") = "Core", "Core", "{E108F4D8-110C-4C58-A1B1-5B2F721C752C}"
EndProject
Project("{2150E333-8FDC-42A3-9474-1A3956D46DE8}") = "Infrastructure", "Infrastructure", "{24A1360A-4D51-4309-ACC2-87610E22D861}"
EndProject
Project("{2150E333-8FDC-42A3-9474-1A3956D46DE8}") = "Presentation", "Presentation", "{855DEDA9-FB30-4C3E-8A8E-5389BD2FEDE4}"
EndProject
Project("{9A19103F-16F7-4668-BE54-9A1E7A4F7556}") = "MultiShop.Order.WebApi", "Services\Order\Presentation\MultiShop.Order.WebApi\MultiShop.Order.WebApi.csproj", "{ADC7BAF5-CF04-4994-9392-5223B4944653}"
EndProject
Project("{9A19103F-16F7-4668-BE54-9A1E7A4F7556}") = "MultiShop.Order.Application", "Services\Order\Core\MultiShop.Order.Application\MultiShop.Order.Application.csproj", "{D9FD2C9D-9E78-4D11-83DD-C40EC4006CAC}"
EndProject
Project("{9A19103F-16F7-4668-BE54-9A1E7A4F7556}") = "MultiShop.Order.Domain", "Services\Order\Core\MultiShop.Order.Domain\MultiShop.Order.Domain.csproj", "{B5CA2ED1-15BA-414E-A497-AFC5B53505B9}"
EndProject
Project("{9A19103F-16F7-4668-BE54-9A1E7A4F7556}") = "MultiShop.Order.Persistence", "Services\Order\Infrastructure\MultiShop.Order.Persistence\MultiShop.Order.Persistence.csproj", "{2A36FAEF-4C53-4393-9FF5-83689960DA8A}"
EndProject
Project("{2150E333-8FDC-42A3-9474-1A3956D46DE8}") = "IdentityServer", "IdentityServer", "{97BD9FE7-7C16-48BE-8C90-12F8EA00266F}"
EndProject
Project("{9A19103F-16F7-4668-BE54-9A1E7A4F7556}") = "MultiShop.IdentityServer", "IdentityServer\MultiShop.IdentityServer\MultiShop.IdentityServer.csproj", "{0390693D-96E7-4BD7-BEAD-97D54A14D392}"
EndProject
Project("{2150E333-8FDC-42A3-9474-1A3956D46DE8}") = "Cargo", "Cargo", "{FF3E616A-C969-4523-A6B5-49307838CBE4}"
EndProject
Project("{9A19103F-16F7-4668-BE54-9A1E7A4F7556}") = "MultiShop.Cargo.BusinessLayer", "Services\Cargo\MultiShop.Cargo.BusinessLayer\MultiShop.Cargo.BusinessLayer.csproj", "{6835F50A-BC92-43F4-97DD-0727AA20C619}"
EndProject
Project("{9A19103F-16F7-4668-BE54-9A1E7A4F7556}") = "MultiShop.Cargo.DataAccessLayer", "Services\Cargo\MultiShop.Cargo.DataAccessLayer\MultiShop.Cargo.DataAccessLayer.csproj", "{28DA572A-7402-4C26-ACDF-001AC9CE5E4F}"
EndProject
Project("{9A19103F-16F7-4668-BE54-9A1E7A4F7556}") = "MultiShop.Cargo.EntityLayer", "Services\Cargo\MultiShop.Cargo.EntityLayer\MultiShop.Cargo.EntityLayer.csproj", "{DE767F36-2D75-4281-8100-C129F460FA7C}"
EndProject
Project("{9A19103F-16F7-4668-BE54-9A1E7A4F7556}") = "MultiShop.Cargo.DtoLayer", "Services\Cargo\MultiShop.Cargo.DtoLayer\MultiShop.Cargo.DtoLayer.csproj", "{9E09C6F1-247A-48D0-89A3-C8432EC16EF8}"
EndProject
Project("{9A19103F-16F7-4668-BE54-9A1E7A4F7556}") = "MultiShop.Cargo.WebApi", "Services\Cargo\MultiShop.Cargo.WebApi\MultiShop.Cargo.WebApi.csproj", "{D54DEF70-6B90-427B-81AF-587E98AA7A3E}"
EndProject
Project("{2150E333-8FDC-42A3-9474-1A3956D46DE8}") = "Basket", "Basket", "{E631818C-4C7D-4835-ADB8-C4A6ECFFA19F}"
EndProject
Project("{9A19103F-16F7-4668-BE54-9A1E7A4F7556}") = "MultiShop.Basket", "Services\Basket\MultiShop.Basket\MultiShop.Basket.csproj", "{5A6F8150-D3E7-45A1-9CCB-CAB78FE20EAA}"
EndProject
Project("{2150E333-8FDC-42A3-9474-1A3956D46DE8}") = "Frontends", "Frontends", "{263EE28B-457F-4B2E-B5BF-AF8D83490B51}"
EndProject
Project("{FAE04EC0-301F-11D3-BF4B-00C04F79EFBC}") = "MultiShop.WebUI", "Frontends\MultiShop.WebUI\MultiShop.WebUI.csproj", "{F247643E-DB64-4D01-A6EB-17AC5BEE7C74}"
EndProject
Global
	GlobalSection(SolutionConfigurationPlatforms) = preSolution
		Debug|Any CPU = Debug|Any CPU
		Release|Any CPU = Release|Any CPU
	EndGlobalSection
	GlobalSection(ProjectConfigurationPlatforms) = postSolution
		{7AB9A899-3118-4298-ACD7-EB6823993B6B}.Debug|Any CPU.ActiveCfg = Debug|Any CPU
		{7AB9A899-3118-4298-ACD7-EB6823993B6B}.Debug|Any CPU.Build.0 = Debug|Any CPU
		{7AB9A899-3118-4298-ACD7-EB6823993B6B}.Release|Any CPU.ActiveCfg = Release|Any CPU
		{7AB9A899-3118-4298-ACD7-EB6823993B6B}.Release|Any CPU.Build.0 = Release|Any CPU
		{B7D5D461-10DE-45E3-AF85-C03492573622}.Debug|Any CPU.ActiveCfg = Debug|Any CPU
		{B7D5D461-10DE-45E3-AF85-C03492573622}.Debug|Any CPU.Build.0 = Debug|Any CPU
		{B7D5D461-10DE-45E3-AF85-C03492573622}.Release|Any CPU.ActiveCfg = Release|Any CPU
		{B7D5D461-10DE-45E3-AF85-C03492573622}.Release|Any CPU.Build.0 = Release|Any CPU
		{ADC7BAF5-CF04-4994-9392-5223B4944653}.Debug|Any CPU.ActiveCfg = Debug|Any CPU
		{ADC7BAF5-CF04-4994-9392-5223B4944653}.Debug|Any CPU.Build.0 = Debug|Any CPU
		{ADC7BAF5-CF04-4994-9392-5223B4944653}.Release|Any CPU.ActiveCfg = Release|Any CPU
		{ADC7BAF5-CF04-4994-9392-5223B4944653}.Release|Any CPU.Build.0 = Release|Any CPU
		{D9FD2C9D-9E78-4D11-83DD-C40EC4006CAC}.Debug|Any CPU.ActiveCfg = Debug|Any CPU
		{D9FD2C9D-9E78-4D11-83DD-C40EC4006CAC}.Debug|Any CPU.Build.0 = Debug|Any CPU
		{D9FD2C9D-9E78-4D11-83DD-C40EC4006CAC}.Release|Any CPU.ActiveCfg = Release|Any CPU
		{D9FD2C9D-9E78-4D11-83DD-C40EC4006CAC}.Release|Any CPU.Build.0 = Release|Any CPU
		{B5CA2ED1-15BA-414E-A497-AFC5B53505B9}.Debug|Any CPU.ActiveCfg = Debug|Any CPU
		{B5CA2ED1-15BA-414E-A497-AFC5B53505B9}.Debug|Any CPU.Build.0 = Debug|Any CPU
		{B5CA2ED1-15BA-414E-A497-AFC5B53505B9}.Release|Any CPU.ActiveCfg = Release|Any CPU
		{B5CA2ED1-15BA-414E-A497-AFC5B53505B9}.Release|Any CPU.Build.0 = Release|Any CPU
		{2A36FAEF-4C53-4393-9FF5-83689960DA8A}.Debug|Any CPU.ActiveCfg = Debug|Any CPU
		{2A36FAEF-4C53-4393-9FF5-83689960DA8A}.Debug|Any CPU.Build.0 = Debug|Any CPU
		{2A36FAEF-4C53-4393-9FF5-83689960DA8A}.Release|Any CPU.ActiveCfg = Release|Any CPU
		{2A36FAEF-4C53-4393-9FF5-83689960DA8A}.Release|Any CPU.Build.0 = Release|Any CPU
		{0390693D-96E7-4BD7-BEAD-97D54A14D392}.Debug|Any CPU.ActiveCfg = Debug|Any CPU
		{0390693D-96E7-4BD7-BEAD-97D54A14D392}.Debug|Any CPU.Build.0 = Debug|Any CPU
		{0390693D-96E7-4BD7-BEAD-97D54A14D392}.Release|Any CPU.ActiveCfg = Release|Any CPU
		{0390693D-96E7-4BD7-BEAD-97D54A14D392}.Release|Any CPU.Build.0 = Release|Any CPU
		{6835F50A-BC92-43F4-97DD-0727AA20C619}.Debug|Any CPU.ActiveCfg = Debug|Any CPU
		{6835F50A-BC92-43F4-97DD-0727AA20C619}.Debug|Any CPU.Build.0 = Debug|Any CPU
		{6835F50A-BC92-43F4-97DD-0727AA20C619}.Release|Any CPU.ActiveCfg = Release|Any CPU
		{6835F50A-BC92-43F4-97DD-0727AA20C619}.Release|Any CPU.Build.0 = Release|Any CPU
		{28DA572A-7402-4C26-ACDF-001AC9CE5E4F}.Debug|Any CPU.ActiveCfg = Debug|Any CPU
		{28DA572A-7402-4C26-ACDF-001AC9CE5E4F}.Debug|Any CPU.Build.0 = Debug|Any CPU
		{28DA572A-7402-4C26-ACDF-001AC9CE5E4F}.Release|Any CPU.ActiveCfg = Release|Any CPU
		{28DA572A-7402-4C26-ACDF-001AC9CE5E4F}.Release|Any CPU.Build.0 = Release|Any CPU
		{DE767F36-2D75-4281-8100-C129F460FA7C}.Debug|Any CPU.ActiveCfg = Debug|Any CPU
		{DE767F36-2D75-4281-8100-C129F460FA7C}.Debug|Any CPU.Build.0 = Debug|Any CPU
		{DE767F36-2D75-4281-8100-C129F460FA7C}.Release|Any CPU.ActiveCfg = Release|Any CPU
		{DE767F36-2D75-4281-8100-C129F460FA7C}.Release|Any CPU.Build.0 = Release|Any CPU
		{9E09C6F1-247A-48D0-89A3-C8432EC16EF8}.Debug|Any CPU.ActiveCfg = Debug|Any CPU
		{9E09C6F1-247A-48D0-89A3-C8432EC16EF8}.Debug|Any CPU.Build.0 = Debug|Any CPU
		{9E09C6F1-247A-48D0-89A3-C8432EC16EF8}.Release|Any CPU.ActiveCfg = Release|Any CPU
		{9E09C6F1-247A-48D0-89A3-C8432EC16EF8}.Release|Any CPU.Build.0 = Release|Any CPU
		{D54DEF70-6B90-427B-81AF-587E98AA7A3E}.Debug|Any CPU.ActiveCfg = Debug|Any CPU
		{D54DEF70-6B90-427B-81AF-587E98AA7A3E}.Debug|Any CPU.Build.0 = Debug|Any CPU
		{D54DEF70-6B90-427B-81AF-587E98AA7A3E}.Release|Any CPU.ActiveCfg = Release|Any CPU
		{D54DEF70-6B90-427B-81AF-587E98AA7A3E}.Release|Any CPU.Build.0 = Release|Any CPU
		{5A6F8150-D3E7-45A1-9CCB-CAB78FE20EAA}.Debug|Any CPU.ActiveCfg = Debug|Any CPU
		{5A6F8150-D3E7-45A1-9CCB-CAB78FE20EAA}.Debug|Any CPU.Build.0 = Debug|Any CPU
		{5A6F8150-D3E7-45A1-9CCB-CAB78FE20EAA}.Release|Any CPU.ActiveCfg = Release|Any CPU
		{5A6F8150-D3E7-45A1-9CCB-CAB78FE20EAA}.Release|Any CPU.Build.0 = Release|Any CPU
		{F247643E-DB64-4D01-A6EB-17AC5BEE7C74}.Debug|Any CPU.ActiveCfg = Debug|Any CPU
		{F247643E-DB64-4D01-A6EB-17AC5BEE7C74}.Debug|Any CPU.Build.0 = Debug|Any CPU
		{F247643E-DB64-4D01-A6EB-17AC5BEE7C74}.Release|Any CPU.ActiveCfg = Release|Any CPU
		{F247643E-DB64-4D01-A6EB-17AC5BEE7C74}.Release|Any CPU.Build.0 = Release|Any CPU
	EndGlobalSection
	GlobalSection(SolutionProperties) = preSolution
		HideSolutionNode = FALSE
	EndGlobalSection
	GlobalSection(NestedProjects) = preSolution
		{80F4A5EA-7FCD-44DE-883C-BC73CD340EB4} = {A0F7AA8F-D66D-4110-9FD2-041DF9232665}
		{7AB9A899-3118-4298-ACD7-EB6823993B6B} = {80F4A5EA-7FCD-44DE-883C-BC73CD340EB4}
		{B95ED4FD-ED75-46BF-8E08-D099506223EC} = {A0F7AA8F-D66D-4110-9FD2-041DF9232665}
		{B7D5D461-10DE-45E3-AF85-C03492573622} = {B95ED4FD-ED75-46BF-8E08-D099506223EC}
		{527B0794-4C6A-4454-BF33-A05F816ADD01} = {A0F7AA8F-D66D-4110-9FD2-041DF9232665}
		{E108F4D8-110C-4C58-A1B1-5B2F721C752C} = {527B0794-4C6A-4454-BF33-A05F816ADD01}
		{24A1360A-4D51-4309-ACC2-87610E22D861} = {527B0794-4C6A-4454-BF33-A05F816ADD01}
		{855DEDA9-FB30-4C3E-8A8E-5389BD2FEDE4} = {527B0794-4C6A-4454-BF33-A05F816ADD01}
		{ADC7BAF5-CF04-4994-9392-5223B4944653} = {855DEDA9-FB30-4C3E-8A8E-5389BD2FEDE4}
		{D9FD2C9D-9E78-4D11-83DD-C40EC4006CAC} = {E108F4D8-110C-4C58-A1B1-5B2F721C752C}
		{B5CA2ED1-15BA-414E-A497-AFC5B53505B9} = {E108F4D8-110C-4C58-A1B1-5B2F721C752C}
		{2A36FAEF-4C53-4393-9FF5-83689960DA8A} = {24A1360A-4D51-4309-ACC2-87610E22D861}
		{0390693D-96E7-4BD7-BEAD-97D54A14D392} = {97BD9FE7-7C16-48BE-8C90-12F8EA00266F}
		{FF3E616A-C969-4523-A6B5-49307838CBE4} = {A0F7AA8F-D66D-4110-9FD2-041DF9232665}
		{6835F50A-BC92-43F4-97DD-0727AA20C619} = {FF3E616A-C969-4523-A6B5-49307838CBE4}
		{28DA572A-7402-4C26-ACDF-001AC9CE5E4F} = {FF3E616A-C969-4523-A6B5-49307838CBE4}
		{DE767F36-2D75-4281-8100-C129F460FA7C} = {FF3E616A-C969-4523-A6B5-49307838CBE4}
		{9E09C6F1-247A-48D0-89A3-C8432EC16EF8} = {FF3E616A-C969-4523-A6B5-49307838CBE4}
		{D54DEF70-6B90-427B-81AF-587E98AA7A3E} = {FF3E616A-C969-4523-A6B5-49307838CBE4}
		{E631818C-4C7D-4835-ADB8-C4A6ECFFA19F} = {A0F7AA8F-D66D-4110-9FD2-041DF9232665}
		{5A6F8150-D3E7-45A1-9CCB-CAB78FE20EAA} = {E631818C-4C7D-4835-ADB8-C4A6ECFFA19F}
		{F247643E-DB64-4D01-A6EB-17AC5BEE7C74} = {263EE28B-457F-4B2E-B5BF-AF8D83490B51}
	EndGlobalSection
	GlobalSection(ExtensibilityGlobals) = postSolution
		SolutionGuid = {FBD01C87-9784-45E4-990A-39C1CA0F3B13}
	EndGlobalSection
EndGlobal
